
Microsoft Visual Studio Solution File, Format Version 12.00
# Visual Studio 2013
VisualStudioVersion = 12.0.21005.1
MinimumVisualStudioVersion = 10.0.40219.1
Project("{FAE04EC0-301F-11D3-BF4B-00C04F79EFBC}") = "MultiComs2.Client", "MultiComs2.Client\MultiComs2.Client.csproj", "{AF77C1A3-86BD-4C7E-806F-82EE47D84CC8}"
EndProject
Project("{FAE04EC0-301F-11D3-BF4B-00C04F79EFBC}") = "MultiComs2.MsgRules", "MultiComs2.MsgRules\MultiComs2.MsgRules.csproj", "{EC6DB98F-3AC5-478C-BACB-0E07C8980693}"
EndProject
Project("{FAE04EC0-301F-11D3-BF4B-00C04F79EFBC}") = "MultiComs2.Common", "MultiComs2.Common\MultiComs2.Common.csproj", "{2E395A7A-8095-4033-ADF3-71D922BC26CE}"
EndProject
Project("{FAE04EC0-301F-11D3-BF4B-00C04F79EFBC}") = "MultiComs2.ComsGen", "MultiComs2.ComsGen\MultiComs2.ComsGen.csproj", "{67F6907F-28F1-40C5-A5A0-471E9610B3AB}"
EndProject
Project("{FAE04EC0-301F-11D3-BF4B-00C04F79EFBC}") = "MultiComs2.Crm", "MultiComs2.Crm\MultiComs2.Crm.csproj", "{9CD37BCF-01B1-4348-A7E8-89CA1A04DC77}"
EndProject
Project("{FAE04EC0-301F-11D3-BF4B-00C04F79EFBC}") = "MultiComs2.DocRepo", "MultiComs2.DocRepo\MultiComs2.DocRepo.csproj", "{82394389-238C-4155-8F1A-D4E812ADC13A}"
EndProject
Project("{FAE04EC0-301F-11D3-BF4B-00C04F79EFBC}") = "MultiComs2.SmsFulfilment", "MultiComs2.SmsFulfilment\MultiComs2.SmsFulfilment.csproj", "{23487E11-8AA1-4591-AB25-98BC08A6207D}"
EndProject
Project("{FAE04EC0-301F-11D3-BF4B-00C04F79EFBC}") = "MultiComs2.EmailFulfilment", "MultiComs2.EmailFulfilment\MultiComs2.EmailFulfilment.csproj", "{AAB52C3F-205E-4ED2-A46A-F54752676E42}"
EndProject
Project("{2150E333-8FDC-42A3-9474-1A3956D46DE8}") = "Solution Items", "Solution Items", "{5F586F9D-446C-4A6F-9EBF-D9E10015489D}"
	ProjectSection(SolutionItems) = preProject
		Args.txt = Args.txt
	EndProjectSection
EndProject
Global
	GlobalSection(SolutionConfigurationPlatforms) = preSolution
		Debug|Any CPU = Debug|Any CPU
		Release|Any CPU = Release|Any CPU
	EndGlobalSection
	GlobalSection(ProjectConfigurationPlatforms) = postSolution
		{AF77C1A3-86BD-4C7E-806F-82EE47D84CC8}.Debug|Any CPU.ActiveCfg = Debug|Any CPU
		{AF77C1A3-86BD-4C7E-806F-82EE47D84CC8}.Debug|Any CPU.Build.0 = Debug|Any CPU
		{AF77C1A3-86BD-4C7E-806F-82EE47D84CC8}.Release|Any CPU.ActiveCfg = Release|Any CPU
		{AF77C1A3-86BD-4C7E-806F-82EE47D84CC8}.Release|Any CPU.Build.0 = Release|Any CPU
		{EC6DB98F-3AC5-478C-BACB-0E07C8980693}.Debug|Any CPU.ActiveCfg = Debug|Any CPU
		{EC6DB98F-3AC5-478C-BACB-0E07C8980693}.Debug|Any CPU.Build.0 = Debug|Any CPU
		{EC6DB98F-3AC5-478C-BACB-0E07C8980693}.Release|Any CPU.ActiveCfg = Release|Any CPU
		{EC6DB98F-3AC5-478C-BACB-0E07C8980693}.Release|Any CPU.Build.0 = Release|Any CPU
		{2E395A7A-8095-4033-ADF3-71D922BC26CE}.Debug|Any CPU.ActiveCfg = Debug|Any CPU
		{2E395A7A-8095-4033-ADF3-71D922BC26CE}.Debug|Any CPU.Build.0 = Debug|Any CPU
		{2E395A7A-8095-4033-ADF3-71D922BC26CE}.Release|Any CPU.ActiveCfg = Release|Any CPU
		{2E395A7A-8095-4033-ADF3-71D922BC26CE}.Release|Any CPU.Build.0 = Release|Any CPU
		{67F6907F-28F1-40C5-A5A0-471E9610B3AB}.Debug|Any CPU.ActiveCfg = Debug|Any CPU
		{67F6907F-28F1-40C5-A5A0-471E9610B3AB}.Debug|Any CPU.Build.0 = Debug|Any CPU
		{67F6907F-28F1-40C5-A5A0-471E9610B3AB}.Release|Any CPU.ActiveCfg = Release|Any CPU
		{67F6907F-28F1-40C5-A5A0-471E9610B3AB}.Release|Any CPU.Build.0 = Release|Any CPU
		{9CD37BCF-01B1-4348-A7E8-89CA1A04DC77}.Debug|Any CPU.ActiveCfg = Debug|Any CPU
		{9CD37BCF-01B1-4348-A7E8-89CA1A04DC77}.Debug|Any CPU.Build.0 = Debug|Any CPU
		{9CD37BCF-01B1-4348-A7E8-89CA1A04DC77}.Release|Any CPU.ActiveCfg = Release|Any CPU
		{9CD37BCF-01B1-4348-A7E8-89CA1A04DC77}.Release|Any CPU.Build.0 = Release|Any CPU
		{82394389-238C-4155-8F1A-D4E812ADC13A}.Debug|Any CPU.ActiveCfg = Debug|Any CPU
		{82394389-238C-4155-8F1A-D4E812ADC13A}.Debug|Any CPU.Build.0 = Debug|Any CPU
		{82394389-238C-4155-8F1A-D4E812ADC13A}.Release|Any CPU.ActiveCfg = Release|Any CPU
		{82394389-238C-4155-8F1A-D4E812ADC13A}.Release|Any CPU.Build.0 = Release|Any CPU
		{23487E11-8AA1-4591-AB25-98BC08A6207D}.Debug|Any CPU.ActiveCfg = Debug|Any CPU
		{23487E11-8AA1-4591-AB25-98BC08A6207D}.Debug|Any CPU.Build.0 = Debug|Any CPU
		{23487E11-8AA1-4591-AB25-98BC08A6207D}.Release|Any CPU.ActiveCfg = Release|Any CPU
		{23487E11-8AA1-4591-AB25-98BC08A6207D}.Release|Any CPU.Build.0 = Release|Any CPU
		{AAB52C3F-205E-4ED2-A46A-F54752676E42}.Debug|Any CPU.ActiveCfg = Debug|Any CPU
		{AAB52C3F-205E-4ED2-A46A-F54752676E42}.Debug|Any CPU.Build.0 = Debug|Any CPU
		{AAB52C3F-205E-4ED2-A46A-F54752676E42}.Release|Any CPU.ActiveCfg = Release|Any CPU
		{AAB52C3F-205E-4ED2-A46A-F54752676E42}.Release|Any CPU.Build.0 = Release|Any CPU
	EndGlobalSection
	GlobalSection(SolutionProperties) = preSolution
		HideSolutionNode = FALSE
	EndGlobalSection
EndGlobal
